// !$*UTF8*$!
{
	archiveVersion = 1;
	classes = {
	};
	objectVersion = 56;
	objects = {

/* Begin PBXBuildFile section */
		A1B2C3D41234567890ABCDEF /* TreeShopMapsApp.swift in Sources */ = {isa = PBXBuildFile; fileRef = A1B2C3D31234567890ABCDEF /* TreeShopMapsApp.swift */; };
		A1B2C3D61234567890ABCDEF /* ContentView.swift in Sources */ = {isa = PBXBuildFile; fileRef = A1B2C3D51234567890ABCDEF /* ContentView.swift */; };
		A1B2C3D81234567890ABCDEF /* MapView.swift in Sources */ = {isa = PBXBuildFile; fileRef = A1B2C3D71234567890ABCDEF /* MapView.swift */; };
		A1B2C3DA1234567890ABCDEF /* Assets.xcassets in Resources */ = {isa = PBXBuildFile; fileRef = A1B2C3D91234567890ABCDEF /* Assets.xcassets */; };
		A1B2C3DD1234567890ABCDEF /* Preview Assets.xcassets in Resources */ = {isa = PBXBuildFile; fileRef = A1B2C3DC1234567890ABCDEF /* Preview Assets.xcassets */; };
		A1B2C3DF1234567890ABCDEF /* AuthenticationManager.swift in Sources */ = {isa = PBXBuildFile; fileRef = A1B2C3DE1234567890ABCDEF /* AuthenticationManager.swift */; };
		A1B2C3E11234567890ABCDEF /* ProfileView.swift in Sources */ = {isa = PBXBuildFile; fileRef = A1B2C3E01234567890ABCDEF /* ProfileView.swift */; };
		A1B2C3E31234567890ABCDEF /* TreeShopMaps.xcdatamodeld in Sources */ = {isa = PBXBuildFile; fileRef = A1B2C3E21234567890ABCDEF /* TreeShopMaps.xcdatamodeld */; };
/* End PBXBuildFile section */

/* Begin PBXFileReference section */
		A1B2C3D01234567890ABCDEF /* TreeShopMaps.app */ = {isa = PBXFileReference; explicitFileType = wrapper.application; includeInIndex = 0; path = TreeShopMaps.app; sourceTree = BUILT_PRODUCTS_DIR; };
		A1B2C3D31234567890ABCDEF /* TreeShopMapsApp.swift */ = {isa = PBXFileReference; lastKnownFileType = sourcecode.swift; path = TreeShopMapsApp.swift; sourceTree = "<group>"; };
		A1B2C3D51234567890ABCDEF /* ContentView.swift */ = {isa = PBXFileReference; lastKnownFileType = sourcecode.swift; path = ContentView.swift; sourceTree = "<group>"; };
		A1B2C3D71234567890ABCDEF /* MapView.swift */ = {isa = PBXFileReference; lastKnownFileType = sourcecode.swift; path = MapView.swift; sourceTree = "<group>"; };
		A1B2C3D91234567890ABCDEF /* Assets.xcassets */ = {isa = PBXFileReference; lastKnownFileType = folder.assetcatalog; path = Assets.xcassets; sourceTree = "<group>"; };
		A1B2C3DC1234567890ABCDEF /* Preview Assets.xcassets */ = {isa = PBXFileReference; lastKnownFileType = folder.assetcatalog; path = "Preview Assets.xcassets"; sourceTree = "<group>"; };
		A1B2C3DE1234567890ABCDEF /* AuthenticationManager.swift */ = {isa = PBXFileReference; lastKnownFileType = sourcecode.swift; path = AuthenticationManager.swift; sourceTree = "<group>"; };
		A1B2C3E01234567890ABCDEF /* ProfileView.swift */ = {isa = PBXFileReference; lastKnownFileType = sourcecode.swift; path = ProfileView.swift; sourceTree = "<group>"; };
		A1B2C3E21234567890ABCDEF /* TreeShopMaps.xcdatamodeld */ = {isa = PBXFileReference; lastKnownFileType = wrapper.xcdatamodel; path = TreeShopMaps.xcdatamodeld; sourceTree = "<group>"; };
		A1B2C3E41234567890ABCDEF /* Info.plist */ = {isa = PBXFileReference; lastKnownFileType = text.plist.xml; path = Info.plist; sourceTree = "<group>"; };
		A1B2C3E51234567890ABCDEF /* TreeShopMaps.entitlements */ = {isa = PBXFileReference; lastKnownFileType = text.plist.entitlements; path = TreeShopMaps.entitlements; sourceTree = "<group>"; };
/* End PBXFileReference section */

/* Begin PBXFrameworksBuildPhase section */
		A1B2C3CD1234567890ABCDEF /* Frameworks */ = {
			isa = PBXFrameworksBuildPhase;
			buildActionMask = 2147483647;
			files = (
			);
			runOnlyForDeploymentPostprocessing = 0;
		};
/* End PBXFrameworksBuildPhase section */

/* Begin PBXGroup section */
		A1B2C3C71234567890ABCDEF = {
			isa = PBXGroup;
			children = (
				A1B2C3D21234567890ABCDEF /* TreeShopMaps */,
				A1B2C3D11234567890ABCDEF /* Products */,
			);
			sourceTree = "<group>";
		};
		A1B2C3D11234567890ABCDEF /* Products */ = {
			isa = PBXGroup;
			children = (
				A1B2C3D01234567890ABCDEF /* TreeShopMaps.app */,
			);
			name = Products;
			sourceTree = "<group>";
		};
		A1B2C3D21234567890ABCDEF /* TreeShopMaps */ = {
			isa = PBXGroup;
			children = (
				A1B2C3E51234567890ABCDEF /* TreeShopMaps.entitlements */,
				A1B2C3D31234567890ABCDEF /* TreeShopMapsApp.swift */,
				A1B2C3D51234567890ABCDEF /* ContentView.swift */,
				A1B2C3F01234567890ABCDEF /* Models */,
				A1B2C3F11234567890ABCDEF /* Views */,
				A1B2C3F21234567890ABCDEF /* Services */,
				A1B2C3D91234567890ABCDEF /* Assets.xcassets */,
				A1B2C3E41234567890ABCDEF /* Info.plist */,
				A1B2C3DB1234567890ABCDEF /* Preview Content */,
			);
			path = TreeShopMaps;
			sourceTree = "<group>";
		};
		A1B2C3DB1234567890ABCDEF /* Preview Content */ = {
			isa = PBXGroup;
			children = (
				A1B2C3DC1234567890ABCDEF /* Preview Assets.xcassets */,
			);
			path = "Preview Content";
			sourceTree = "<group>";
		};
		A1B2C3F01234567890ABCDEF /* Models */ = {
			isa = PBXGroup;
			children = (
				A1B2C3E21234567890ABCDEF /* TreeShopMaps.xcdatamodeld */,
			);
			path = Models;
			sourceTree = "<group>";
		};
		A1B2C3F11234567890ABCDEF /* Views */ = {
			isa = PBXGroup;
			children = (
				A1B2C3D71234567890ABCDEF /* MapView.swift */,
				A1B2C3E01234567890ABCDEF /* ProfileView.swift */,
			);
			path = Views;
			sourceTree = "<group>";
		};
		A1B2C3F21234567890ABCDEF /* Services */ = {
			isa = PBXGroup;
			children = (
				A1B2C3DE1234567890ABCDEF /* AuthenticationManager.swift */,
			);
			path = Services;
			sourceTree = "<group>";
		};
/* End PBXGroup section */

/* Begin PBXNativeTarget section */
		A1B2C3CF1234567890ABCDEF /* TreeShopMaps */ = {
			isa = PBXNativeTarget;
			buildConfigurationList = A1B2C3E61234567890ABCDEF /* Build configuration list for PBXNativeTarget "TreeShopMaps" */;
			buildPhases = (
				A1B2C3CC1234567890ABCDEF /* Sources */,
				A1B2C3CD1234567890ABCDEF /* Frameworks */,
				A1B2C3CE1234567890ABCDEF /* Resources */,
			);
			buildRules = (
			);
			dependencies = (
			);
			name = TreeShopMaps;
			productName = TreeShopMaps;
			productReference = A1B2C3D01234567890ABCDEF /* TreeShopMaps.app */;
			productType = "com.apple.product-type.application";
		};
/* End PBXNativeTarget section */

/* Begin PBXProject section */
		A1B2C3C81234567890ABCDEF /* Project object */ = {
			isa = PBXProject;
			attributes = {
				BuildIndependentTargetsInParallel = 1;
				LastSwiftUpdateCheck = 1500;
				LastUpgradeCheck = 1640;
				TargetAttributes = {
					A1B2C3CF1234567890ABCDEF = {
						CreatedOnToolsVersion = 15.0;
						SystemCapabilities = {
							com.apple.ApplicationGroups.iOS = {
								enabled = 0;
							};
							com.apple.Push = {
								enabled = 0;
							};
							com.apple.iCloud = {
								enabled = 1;
							};
						};
					};
				};
			};
			buildConfigurationList = A1B2C3CB1234567890ABCDEF /* Build configuration list for PBXProject "TreeShopMaps" */;
			compatibilityVersion = "Xcode 14.0";
			developmentRegion = en;
			hasScannedForEncodings = 0;
			knownRegions = (
				en,
				Base,
			);
			mainGroup = A1B2C3C71234567890ABCDEF;
			productRefGroup = A1B2C3D11234567890ABCDEF /* Products */;
			projectDirPath = "";
			projectRoot = "";
			targets = (
				A1B2C3CF1234567890ABCDEF /* TreeShopMaps */,
			);
		};
/* End PBXProject section */

/* Begin PBXResourcesBuildPhase section */
		A1B2C3CE1234567890ABCDEF /* Resources */ = {
			isa = PBXResourcesBuildPhase;
			buildActionMask = 2147483647;
			files = (
				A1B2C3DD1234567890ABCDEF /* Preview Assets.xcassets in Resources */,
				A1B2C3DA1234567890ABCDEF /* Assets.xcassets in Resources */,
			);
			runOnlyForDeploymentPostprocessing = 0;
		};
/* End PBXResourcesBuildPhase section */

/* Begin PBXSourcesBuildPhase section */
		A1B2C3CC1234567890ABCDEF /* Sources */ = {
			isa = PBXSourcesBuildPhase;
			buildActionMask = 2147483647;
			files = (
				A1B2C3D61234567890ABCDEF /* ContentView.swift in Sources */,
				A1B2C3D81234567890ABCDEF /* MapView.swift in Sources */,
				A1B2C3D41234567890ABCDEF /* TreeShopMapsApp.swift in Sources */,
				A1B2C3DF1234567890ABCDEF /* AuthenticationManager.swift in Sources */,
				A1B2C3E11234567890ABCDEF /* ProfileView.swift in Sources */,
				A1B2C3E31234567890ABCDEF /* TreeShopMaps.xcdatamodeld in Sources */,
			);
			runOnlyForDeploymentPostprocessing = 0;
		};
/* End PBXSourcesBuildPhase section */

/* Begin XCBuildConfiguration section */
		A1B2C3E71234567890ABCDEF /* Debug */ = {
			isa = XCBuildConfiguration;
			buildSettings = {
				ALWAYS_SEARCH_USER_PATHS = NO;
				CLANG_ANALYZER_NONNULL = YES;
				CLANG_ANALYZER_NUMBER_OBJECT_CONVERSION = YES_AGGRESSIVE;
				CLANG_CXX_LANGUAGE_STANDARD = "gnu++20";
				CLANG_ENABLE_MODULES = YES;
				CLANG_ENABLE_OBJC_ARC = YES;
				CLANG_ENABLE_OBJC_WEAK = YES;
				CLANG_WARN_BLOCK_CAPTURE_AUTORELEASING = YES;
				CLANG_WARN_BOOL_CONVERSION = YES;
				CLANG_WARN_COMMA = YES;
				CLANG_WARN_CONSTANT_CONVERSION = YES;
				CLANG_WARN_DEPRECATED_OBJC_IMPLEMENTATIONS = YES;
				CLANG_WARN_DIRECT_OBJC_ISA_USAGE = YES_ERROR;
				CLANG_WARN_DOCUMENTATION_COMMENTS = YES;
				CLANG_WARN_EMPTY_BODY = YES;
				CLANG_WARN_ENUM_CONVERSION = YES;
				CLANG_WARN_INFINITE_RECURSION = YES;
				CLANG_WARN_INT_CONVERSION = YES;
				CLANG_WARN_NON_LITERAL_NULL_CONVERSION = YES;
				CLANG_WARN_OBJC_IMPLICIT_RETAIN_SELF = YES;
				CLANG_WARN_OBJC_LITERAL_CONVERSION = YES;
				CLANG_WARN_OBJC_ROOT_CLASS = YES_ERROR;
				CLANG_WARN_QUOTED_INCLUDE_IN_FRAMEWORK_HEADER = YES;
				CLANG_WARN_RANGE_LOOP_ANALYSIS = YES;
				CLANG_WARN_STRICT_PROTOTYPES = YES;
				CLANG_WARN_SUSPICIOUS_MOVE = YES;
				CLANG_WARN_UNGUARDED_AVAILABILITY = YES_AGGRESSIVE;
				CLANG_WARN_UNREACHABLE_CODE = YES;
				CLANG_WARN__DUPLICATE_METHOD_MATCH = YES;
				COPY_PHASE_STRIP = NO;
				DEBUG_INFORMATION_FORMAT = dwarf;
				DEVELOPMENT_TEAM = FG5G9N6B6P;
				ENABLE_STRICT_OBJC_MSGSEND = YES;
				ENABLE_TESTABILITY = YES;
				ENABLE_USER_SCRIPT_SANDBOXING = YES;
				GCC_C_LANGUAGE_STANDARD = gnu11;
				GCC_DYNAMIC_NO_PIC = NO;
				GCC_NO_COMMON_BLOCKS = YES;
				GCC_OPTIMIZATION_LEVEL = 0;
				GCC_PREPROCESSOR_DEFINITIONS = (
					"DEBUG=1",
					"$(inherited)",
				);
				GCC_WARN_64_TO_32_BIT_CONVERSION = YES;
				GCC_WARN_ABOUT_RETURN_TYPE = YES_ERROR;
				GCC_WARN_UNDECLARED_SELECTOR = YES;
				GCC_WARN_UNINITIALIZED_AUTOS = YES_AGGRESSIVE;
				GCC_WARN_UNUSED_FUNCTION = YES;
				GCC_WARN_UNUSED_VARIABLE = YES;
				IPHONEOS_DEPLOYMENT_TARGET = 17.0;
				MTL_ENABLE_DEBUG_INFO = INCLUDE_SOURCE;
				MTL_FAST_MATH = YES;
				ONLY_ACTIVE_ARCH = YES;
				SDKROOT = iphoneos;
				SWIFT_ACTIVE_COMPILATION_CONDITIONS = DEBUG;
				SWIFT_OPTIMIZATION_LEVEL = "-Onone";
			};
			name = Debug;
		};
		A1B2C3E81234567890ABCDEF /* Release */ = {
			isa = XCBuildConfiguration;
			buildSettings = {
				ALWAYS_SEARCH_USER_PATHS = NO;
				CLANG_ANALYZER_NONNULL = YES;
				CLANG_ANALYZER_NUMBER_OBJECT_CONVERSION = YES_AGGRESSIVE;
				CLANG_CXX_LANGUAGE_STANDARD = "gnu++20";
				CLANG_ENABLE_MODULES = YES;
				CLANG_ENABLE_OBJC_ARC = YES;
				CLANG_ENABLE_OBJC_WEAK = YES;
				CLANG_WARN_BLOCK_CAPTURE_AUTORELEASING = YES;
				CLANG_WARN_BOOL_CONVERSION = YES;
				CLANG_WARN_COMMA = YES;
				CLANG_WARN_CONSTANT_CONVERSION = YES;
				CLANG_WARN_DEPRECATED_OBJC_IMPLEMENTATIONS = YES;
				CLANG_WARN_DIRECT_OBJC_ISA_USAGE = YES_ERROR;
				CLANG_WARN_DOCUMENTATION_COMMENTS = YES;
				CLANG_WARN_EMPTY_BODY = YES;
				CLANG_WARN_ENUM_CONVERSION = YES;
				CLANG_WARN_INFINITE_RECURSION = YES;
				CLANG_WARN_INT_CONVERSION = YES;
				CLANG_WARN_NON_LITERAL_NULL_CONVERSION = YES;
				CLANG_WARN_OBJC_IMPLICIT_RETAIN_SELF = YES;
				CLANG_WARN_OBJC_LITERAL_CONVERSION = YES;
				CLANG_WARN_OBJC_ROOT_CLASS = YES_ERROR;
				CLANG_WARN_QUOTED_INCLUDE_IN_FRAMEWORK_HEADER = YES;
				CLANG_WARN_RANGE_LOOP_ANALYSIS = YES;
				CLANG_WARN_STRICT_PROTOTYPES = YES;
				CLANG_WARN_SUSPICIOUS_MOVE = YES;
				CLANG_WARN_UNGUARDED_AVAILABILITY = YES_AGGRESSIVE;
				CLANG_WARN_UNREACHABLE_CODE = YES;
				CLANG_WARN__DUPLICATE_METHOD_MATCH = YES;
				COPY_PHASE_STRIP = NO;
				DEBUG_INFORMATION_FORMAT = "dwarf-with-dsym";
				DEVELOPMENT_TEAM = FG5G9N6B6P;
				ENABLE_NS_ASSERTIONS = NO;
				ENABLE_STRICT_OBJC_MSGSEND = YES;
				ENABLE_USER_SCRIPT_SANDBOXING = YES;
				GCC_C_LANGUAGE_STANDARD = gnu11;
				GCC_NO_COMMON_BLOCKS = YES;
				GCC_WARN_64_TO_32_BIT_CONVERSION = YES;
				GCC_WARN_ABOUT_RETURN_TYPE = YES_ERROR;
				GCC_WARN_UNDECLARED_SELECTOR = YES;
				GCC_WARN_UNINITIALIZED_AUTOS = YES_AGGRESSIVE;
				GCC_WARN_UNUSED_FUNCTION = YES;
				GCC_WARN_UNUSED_VARIABLE = YES;
				IPHONEOS_DEPLOYMENT_TARGET = 17.0;
				MTL_ENABLE_DEBUG_INFO = NO;
				MTL_FAST_MATH = YES;
				SDKROOT = iphoneos;
				SWIFT_COMPILATION_MODE = wholemodule;
				SWIFT_OPTIMIZATION_LEVEL = "-O";
				VALIDATE_PRODUCT = YES;
			};
			name = Release;
		};
		A1B2C3E91234567890ABCDEF /* Debug */ = {
			isa = XCBuildConfiguration;
			buildSettings = {
				ASSETCATALOG_COMPILER_APPICON_NAME = AppIcon;
				ASSETCATALOG_COMPILER_GLOBAL_ACCENT_COLOR_NAME = AccentColor;
				CODE_SIGN_ENTITLEMENTS = TreeShopMaps/TreeShopMaps.entitlements;
				CODE_SIGN_STYLE = Automatic;
				CURRENT_PROJECT_VERSION = 1;
				DEVELOPMENT_ASSET_PATHS = "\"TreeShopMaps/Preview Content\"";
				DEVELOPMENT_TEAM = FG5G9N6B6P;
				ENABLE_PREVIEWS = YES;
				GENERATE_INFOPLIST_FILE = YES;
				INFOPLIST_FILE = TreeShopMaps/Info.plist;
				INFOPLIST_KEY_NSLocationWhenInUseUsageDescription = "TreeShop Maps needs your location to show nearby tree shops and provide navigation.";
				INFOPLIST_KEY_UIApplicationSceneManifest_Generation = YES;
				INFOPLIST_KEY_UIApplicationSupportsIndirectInputEvents = YES;
				INFOPLIST_KEY_UILaunchScreen_Generation = YES;
				INFOPLIST_KEY_UISupportedInterfaceOrientations = UIInterfaceOrientationPortrait;
				INFOPLIST_KEY_UISupportedInterfaceOrientations_iPad = "UIInterfaceOrientationLandscapeLeft UIInterfaceOrientationLandscapeRight UIInterfaceOrientationPortrait UIInterfaceOrientationPortraitUpsideDown";
				LD_RUNPATH_SEARCH_PATHS = (
					"$(inherited)",
					"@executable_path/Frameworks",
				);
				MARKETING_VERSION = 1.0;
				PRODUCT_BUNDLE_IDENTIFIER = com.treeshop.TreeShopMaps;
				PRODUCT_NAME = "$(TARGET_NAME)";
				SWIFT_EMIT_LOC_STRINGS = YES;
				SWIFT_VERSION = 5.0;
				TARGETED_DEVICE_FAMILY = "1,2";
			};
			name = Debug;
		};
		A1B2C3EA1234567890ABCDEF /* Release */ = {
			isa = XCBuildConfiguration;
			buildSettings = {
				ASSETCATALOG_COMPILER_APPICON_NAME = AppIcon;
				ASSETCATALOG_COMPILER_GLOBAL_ACCENT_COLOR_NAME = AccentColor;
				CODE_SIGN_ENTITLEMENTS = TreeShopMaps/TreeShopMaps.entitlements;
				CODE_SIGN_STYLE = Automatic;
				CURRENT_PROJECT_VERSION = 1;
				DEVELOPMENT_ASSET_PATHS = "\"TreeShopMaps/Preview Content\"";
				DEVELOPMENT_TEAM = FG5G9N6B6P;
				ENABLE_PREVIEWS = YES;
				GENERATE_INFOPLIST_FILE = YES;
				INFOPLIST_FILE = TreeShopMaps/Info.plist;
				INFOPLIST_KEY_NSLocationWhenInUseUsageDescription = "TreeShop Maps needs your location to show nearby tree shops and provide navigation.";
				INFOPLIST_KEY_UIApplicationSceneManifest_Generation = YES;
				INFOPLIST_KEY_UIApplicationSupportsIndirectInputEvents = YES;
				INFOPLIST_KEY_UILaunchScreen_Generation = YES;
				INFOPLIST_KEY_UISupportedInterfaceOrientations = UIInterfaceOrientationPortrait;
				INFOPLIST_KEY_UISupportedInterfaceOrientations_iPad = "UIInterfaceOrientationLandscapeLeft UIInterfaceOrientationLandscapeRight UIInterfaceOrientationPortrait UIInterfaceOrientationPortraitUpsideDown";
				LD_RUNPATH_SEARCH_PATHS = (
					"$(inherited)",
					"@executable_path/Frameworks",
				);
				MARKETING_VERSION = 1.0;
				PRODUCT_BUNDLE_IDENTIFIER = com.treeshop.TreeShopMaps;
				PRODUCT_NAME = "$(TARGET_NAME)";
				SWIFT_EMIT_LOC_STRINGS = YES;
				SWIFT_VERSION = 5.0;
				TARGETED_DEVICE_FAMILY = "1,2";
			};
			name = Release;
		};
/* End XCBuildConfiguration section */

/* Begin XCConfigurationList section */
		A1B2C3CB1234567890ABCDEF /* Build configuration list for PBXProject "TreeShopMaps" */ = {
			isa = XCConfigurationList;
			buildConfigurations = (
				A1B2C3E71234567890ABCDEF /* Debug */,
				A1B2C3E81234567890ABCDEF /* Release */,
			);
			defaultConfigurationIsVisible = 0;
			defaultConfigurationName = Release;
		};
		A1B2C3E61234567890ABCDEF /* Build configuration list for PBXNativeTarget "TreeShopMaps" */ = {
			isa = XCConfigurationList;
			buildConfigurations = (
				A1B2C3E91234567890ABCDEF /* Debug */,
				A1B2C3EA1234567890ABCDEF /* Release */,
			);
			defaultConfigurationIsVisible = 0;
			defaultConfigurationName = Release;
		};
/* End XCConfigurationList section */

/* Begin XCVersionGroup section */
		A1B2C3E21234567890ABCDEF /* TreeShopMaps.xcdatamodeld */ = {
			isa = XCVersionGroup;
			children = (
				A1B2C3E31234567890ABCDEF /* TreeShopMaps.xcdatamodel */,
			);
			currentVersion = A1B2C3E31234567890ABCDEF /* TreeShopMaps.xcdatamodel */;
			path = TreeShopMaps.xcdatamodeld;
			sourceTree = "<group>";
			versionGroupType = wrapper.xcdatamodel;
		};
/* End XCVersionGroup section */
	};
	rootObject = A1B2C3C81234567890ABCDEF /* Project object */;
}